{
  "object": {
    "pins": [
      {
        "package": "QRCodeGenerator",
        "repositoryURL": "https://github.com/YourMJK/QRCodeGenerator",
        "state": {
          "branch": "master",
          "revision": "65c3ca6d310251a0989c5221318b8c377f2027a7",
          "version": null
        }
      },
      {
        "package": "QRGen",
        "repositoryURL": "https://github.com/YourMJK/QRGen",
        "state": {
          "branch": "module-cli-separation",
          "revision": "3a4ef58e5b8029614374a3b41b5e89f66986f664",
          "version": null
        }
      },
      {
        "package": "swift-argument-parser",
        "repositoryURL": "https://github.com/YourMJK/swift-argument-parser",
        "state": {
          "branch": "main",
          "revision": "e323f3feb07c64e05db8db0ac0ad73bd5ceae6ae",
          "version": null
        }
      }
    ]
  },
  "version": 1
}
