{
  "pins" : [
    {
      "identity" : "qrcodegenerator",
      "kind" : "remoteSourceControl",
      "location" : "https://github.com/YourMJK/QRCodeGenerator",
      "state" : {
        "branch" : "master",
        "revision" : "38f5fd4dc6203baf2bf293b17880e2157654aee7"
      }
    },
    {
      "identity" : "swift-argument-parser",
      "kind" : "remoteSourceControl",
      "location" : "https://github.com/YourMJK/swift-argument-parser",
      "state" : {
        "branch" : "main",
        "revision" : "4af05930a5a4b5ba92bdaf77ab385dbe8af5e660"
      }
    }
  ],
  "version" : 2
}
