// !$*UTF8*$!
{
	archiveVersion = 1;
	classes = {
	};
	objectVersion = 55;
	objects = {

/* Begin PBXBuildFile section */
		182F7F3728A176C800E72E4D /* main.swift in Sources */ = {isa = PBXBuildFile; fileRef = 182F7F3628A176C800E72E4D /* main.swift */; };
		182F7F3E28A1770F00E72E4D /* CommandLineUtils.swift in Sources */ = {isa = PBXBuildFile; fileRef = 182F7F3D28A1770F00E72E4D /* CommandLineUtils.swift */; };
		182F7F4B28A44C4000E72E4D /* ArgumentParser in Frameworks */ = {isa = PBXBuildFile; productRef = 182F7F4A28A44C4000E72E4D /* ArgumentParser */; };
		182F7F4D28A5531500E72E4D /* QRGen.swift in Sources */ = {isa = PBXBuildFile; fileRef = 182F7F4C28A5531500E72E4D /* QRGen.swift */; };
		182F7F5228A9A4F600E72E4D /* CIQRCodeGenerator.swift in Sources */ = {isa = PBXBuildFile; fileRef = 182F7F5128A9A4F600E72E4D /* CIQRCodeGenerator.swift */; };
		182F7F5428A9A5D500E72E4D /* QRCodeGeneratorProtocol.swift in Sources */ = {isa = PBXBuildFile; fileRef = 182F7F5328A9A5D500E72E4D /* QRCodeGeneratorProtocol.swift */; };
		182F7F5628A9D64000E72E4D /* IntPoint.swift in Sources */ = {isa = PBXBuildFile; fileRef = 182F7F5528A9D64000E72E4D /* IntPoint.swift */; };
		182F7F5828A9D67E00E72E4D /* IntRect.swift in Sources */ = {isa = PBXBuildFile; fileRef = 182F7F5728A9D67E00E72E4D /* IntRect.swift */; };
		182F7F5A28A9D6E900E72E4D /* IntSize.swift in Sources */ = {isa = PBXBuildFile; fileRef = 182F7F5928A9D6E900E72E4D /* IntSize.swift */; };
		182F7F6128AACC0500E72E4D /* CIQRCode.swift in Sources */ = {isa = PBXBuildFile; fileRef = 182F7F6028AACC0500E72E4D /* CIQRCode.swift */; };
		182F7F6328AACCC500E72E4D /* QRCodeProtocol.swift in Sources */ = {isa = PBXBuildFile; fileRef = 182F7F6228AACCC500E72E4D /* QRCodeProtocol.swift */; };
		182F7F6528AAF5A100E72E4D /* CorrectionLevel.swift in Sources */ = {isa = PBXBuildFile; fileRef = 182F7F6428AAF5A100E72E4D /* CorrectionLevel.swift */; };
		182F7F6728AAF70600E72E4D /* BCQRCode.swift in Sources */ = {isa = PBXBuildFile; fileRef = 182F7F6628AAF70600E72E4D /* BCQRCode.swift */; };
		182F7F6928AB1F1200E72E4D /* BCQRCodeGenerator.swift in Sources */ = {isa = PBXBuildFile; fileRef = 182F7F6828AB1F1200E72E4D /* BCQRCodeGenerator.swift */; };
		182F7F6B28AB24F800E72E4D /* BCCorrectionLevel.swift in Sources */ = {isa = PBXBuildFile; fileRef = 182F7F6A28AB24F800E72E4D /* BCCorrectionLevel.swift */; };
		185F9EAD28BBEC3C00A90726 /* GridSVG.swift in Sources */ = {isa = PBXBuildFile; fileRef = 185F9EAC28BBEC3C00A90726 /* GridSVG.swift */; };
		185F9EAF28BBEC6200A90726 /* DecimalPoint.swift in Sources */ = {isa = PBXBuildFile; fileRef = 185F9EAE28BBEC6200A90726 /* DecimalPoint.swift */; };
		185F9EB128BBED0000A90726 /* GridSVG.Curve.swift in Sources */ = {isa = PBXBuildFile; fileRef = 185F9EB028BBED0000A90726 /* GridSVG.Curve.swift */; };
		185F9EB328BBEEE700A90726 /* GridSVG.Path.swift in Sources */ = {isa = PBXBuildFile; fileRef = 185F9EB228BBEEE700A90726 /* GridSVG.Path.swift */; };
		185F9EB528BBEFB300A90726 /* GridSVG.Element.swift in Sources */ = {isa = PBXBuildFile; fileRef = 185F9EB428BBEFB300A90726 /* GridSVG.Element.swift */; };
		185F9EB928BBFD8300A90726 /* GridSVG.Directions.swift in Sources */ = {isa = PBXBuildFile; fileRef = 185F9EB828BBFD8300A90726 /* GridSVG.Directions.swift */; };
		18B2CD6F28AF139D00F135AB /* QRCodeGenerator in Frameworks */ = {isa = PBXBuildFile; productRef = 18B2CD6E28AF139D00F135AB /* QRCodeGenerator */; };
/* End PBXBuildFile section */

/* Begin PBXCopyFilesBuildPhase section */
		182F7F3128A176C800E72E4D /* CopyFiles */ = {
			isa = PBXCopyFilesBuildPhase;
			buildActionMask = 2147483647;
			dstPath = /usr/share/man/man1/;
			dstSubfolderSpec = 0;
			files = (
			);
			runOnlyForDeploymentPostprocessing = 1;
		};
/* End PBXCopyFilesBuildPhase section */

/* Begin PBXFileReference section */
		182F7F3328A176C800E72E4D /* QRGen */ = {isa = PBXFileReference; explicitFileType = "compiled.mach-o.executable"; includeInIndex = 0; path = QRGen; sourceTree = BUILT_PRODUCTS_DIR; };
		182F7F3628A176C800E72E4D /* main.swift */ = {isa = PBXFileReference; lastKnownFileType = sourcecode.swift; path = main.swift; sourceTree = "<group>"; };
		182F7F3D28A1770F00E72E4D /* CommandLineUtils.swift */ = {isa = PBXFileReference; fileEncoding = 4; lastKnownFileType = sourcecode.swift; path = CommandLineUtils.swift; sourceTree = "<group>"; };
		182F7F4028A17EBE00E72E4D /* Config.xcconfig */ = {isa = PBXFileReference; lastKnownFileType = text.xcconfig; path = Config.xcconfig; sourceTree = "<group>"; };
		182F7F4C28A5531500E72E4D /* QRGen.swift */ = {isa = PBXFileReference; lastKnownFileType = sourcecode.swift; path = QRGen.swift; sourceTree = "<group>"; };
		182F7F5128A9A4F600E72E4D /* CIQRCodeGenerator.swift */ = {isa = PBXFileReference; lastKnownFileType = sourcecode.swift; path = CIQRCodeGenerator.swift; sourceTree = "<group>"; };
		182F7F5328A9A5D500E72E4D /* QRCodeGeneratorProtocol.swift */ = {isa = PBXFileReference; lastKnownFileType = sourcecode.swift; path = QRCodeGeneratorProtocol.swift; sourceTree = "<group>"; };
		182F7F5528A9D64000E72E4D /* IntPoint.swift */ = {isa = PBXFileReference; lastKnownFileType = sourcecode.swift; path = IntPoint.swift; sourceTree = "<group>"; };
		182F7F5728A9D67E00E72E4D /* IntRect.swift */ = {isa = PBXFileReference; lastKnownFileType = sourcecode.swift; path = IntRect.swift; sourceTree = "<group>"; };
		182F7F5928A9D6E900E72E4D /* IntSize.swift */ = {isa = PBXFileReference; lastKnownFileType = sourcecode.swift; path = IntSize.swift; sourceTree = "<group>"; };
		182F7F6028AACC0500E72E4D /* CIQRCode.swift */ = {isa = PBXFileReference; lastKnownFileType = sourcecode.swift; path = CIQRCode.swift; sourceTree = "<group>"; };
		182F7F6228AACCC500E72E4D /* QRCodeProtocol.swift */ = {isa = PBXFileReference; lastKnownFileType = sourcecode.swift; path = QRCodeProtocol.swift; sourceTree = "<group>"; };
		182F7F6428AAF5A100E72E4D /* CorrectionLevel.swift */ = {isa = PBXFileReference; lastKnownFileType = sourcecode.swift; path = CorrectionLevel.swift; sourceTree = "<group>"; };
		182F7F6628AAF70600E72E4D /* BCQRCode.swift */ = {isa = PBXFileReference; lastKnownFileType = sourcecode.swift; path = BCQRCode.swift; sourceTree = "<group>"; };
		182F7F6828AB1F1200E72E4D /* BCQRCodeGenerator.swift */ = {isa = PBXFileReference; lastKnownFileType = sourcecode.swift; path = BCQRCodeGenerator.swift; sourceTree = "<group>"; };
		182F7F6A28AB24F800E72E4D /* BCCorrectionLevel.swift */ = {isa = PBXFileReference; lastKnownFileType = sourcecode.swift; path = BCCorrectionLevel.swift; sourceTree = "<group>"; };
		185F9EAC28BBEC3C00A90726 /* GridSVG.swift */ = {isa = PBXFileReference; lastKnownFileType = sourcecode.swift; path = GridSVG.swift; sourceTree = "<group>"; };
		185F9EAE28BBEC6200A90726 /* DecimalPoint.swift */ = {isa = PBXFileReference; lastKnownFileType = sourcecode.swift; path = DecimalPoint.swift; sourceTree = "<group>"; };
		185F9EB028BBED0000A90726 /* GridSVG.Curve.swift */ = {isa = PBXFileReference; lastKnownFileType = sourcecode.swift; path = GridSVG.Curve.swift; sourceTree = "<group>"; };
		185F9EB228BBEEE700A90726 /* GridSVG.Path.swift */ = {isa = PBXFileReference; lastKnownFileType = sourcecode.swift; path = GridSVG.Path.swift; sourceTree = "<group>"; };
		185F9EB428BBEFB300A90726 /* GridSVG.Element.swift */ = {isa = PBXFileReference; lastKnownFileType = sourcecode.swift; path = GridSVG.Element.swift; sourceTree = "<group>"; };
		185F9EB828BBFD8300A90726 /* GridSVG.Directions.swift */ = {isa = PBXFileReference; lastKnownFileType = sourcecode.swift; path = GridSVG.Directions.swift; sourceTree = "<group>"; };
/* End PBXFileReference section */

/* Begin PBXFrameworksBuildPhase section */
		182F7F3028A176C800E72E4D /* Frameworks */ = {
			isa = PBXFrameworksBuildPhase;
			buildActionMask = 2147483647;
			files = (
				18B2CD6F28AF139D00F135AB /* QRCodeGenerator in Frameworks */,
				182F7F4B28A44C4000E72E4D /* ArgumentParser in Frameworks */,
			);
			runOnlyForDeploymentPostprocessing = 0;
		};
/* End PBXFrameworksBuildPhase section */

/* Begin PBXGroup section */
		182F7F2A28A176C700E72E4D = {
			isa = PBXGroup;
			children = (
				182F7F4028A17EBE00E72E4D /* Config.xcconfig */,
				182F7F3528A176C800E72E4D /* QRGen */,
				182F7F3428A176C800E72E4D /* Products */,
			);
			sourceTree = "<group>";
		};
		182F7F3428A176C800E72E4D /* Products */ = {
			isa = PBXGroup;
			children = (
				182F7F3328A176C800E72E4D /* QRGen */,
			);
			name = Products;
			sourceTree = "<group>";
		};
		182F7F3528A176C800E72E4D /* QRGen */ = {
			isa = PBXGroup;
			children = (
				182F7F3D28A1770F00E72E4D /* CommandLineUtils.swift */,
				182F7F3628A176C800E72E4D /* main.swift */,
				182F7F4C28A5531500E72E4D /* QRGen.swift */,
				185F9EAB28BBEC2C00A90726 /* GridSVG */,
				182F7F6C28AB297300E72E4D /* QRCode */,
				182F7F5B28A9DA5D00E72E4D /* IntGeometry */,
			);
			path = QRGen;
			sourceTree = "<group>";
		};
		182F7F5B28A9DA5D00E72E4D /* IntGeometry */ = {
			isa = PBXGroup;
			children = (
				182F7F5528A9D64000E72E4D /* IntPoint.swift */,
				182F7F5928A9D6E900E72E4D /* IntSize.swift */,
				182F7F5728A9D67E00E72E4D /* IntRect.swift */,
			);
			path = IntGeometry;
			sourceTree = "<group>";
		};
		182F7F6C28AB297300E72E4D /* QRCode */ = {
			isa = PBXGroup;
			children = (
				182F7F6428AAF5A100E72E4D /* CorrectionLevel.swift */,
				182F7F6028AACC0500E72E4D /* CIQRCode.swift */,
				182F7F5128A9A4F600E72E4D /* CIQRCodeGenerator.swift */,
				182F7F6628AAF70600E72E4D /* BCQRCode.swift */,
				182F7F6828AB1F1200E72E4D /* BCQRCodeGenerator.swift */,
				182F7F6A28AB24F800E72E4D /* BCCorrectionLevel.swift */,
				182F7F6228AACCC500E72E4D /* QRCodeProtocol.swift */,
				182F7F5328A9A5D500E72E4D /* QRCodeGeneratorProtocol.swift */,
			);
			path = QRCode;
			sourceTree = "<group>";
		};
		185F9EAB28BBEC2C00A90726 /* GridSVG */ = {
			isa = PBXGroup;
			children = (
				185F9EAC28BBEC3C00A90726 /* GridSVG.swift */,
				185F9EB828BBFD8300A90726 /* GridSVG.Directions.swift */,
				185F9EB028BBED0000A90726 /* GridSVG.Curve.swift */,
				185F9EB228BBEEE700A90726 /* GridSVG.Path.swift */,
				185F9EB428BBEFB300A90726 /* GridSVG.Element.swift */,
				185F9EAE28BBEC6200A90726 /* DecimalPoint.swift */,
			);
			path = GridSVG;
			sourceTree = "<group>";
		};
/* End PBXGroup section */

/* Begin PBXNativeTarget section */
		182F7F3228A176C800E72E4D /* QRGen */ = {
			isa = PBXNativeTarget;
			buildConfigurationList = 182F7F3A28A176C800E72E4D /* Build configuration list for PBXNativeTarget "QRGen" */;
			buildPhases = (
				182F7F2F28A176C800E72E4D /* Sources */,
				182F7F3028A176C800E72E4D /* Frameworks */,
				182F7F3128A176C800E72E4D /* CopyFiles */,
			);
			buildRules = (
			);
			dependencies = (
			);
			name = QRGen;
			packageProductDependencies = (
				182F7F4A28A44C4000E72E4D /* ArgumentParser */,
				18B2CD6E28AF139D00F135AB /* QRCodeGenerator */,
			);
			productName = QRGen;
			productReference = 182F7F3328A176C800E72E4D /* QRGen */;
			productType = "com.apple.product-type.tool";
		};
/* End PBXNativeTarget section */

/* Begin PBXProject section */
		182F7F2B28A176C700E72E4D /* Project object */ = {
			isa = PBXProject;
			attributes = {
				BuildIndependentTargetsInParallel = 1;
				LastSwiftUpdateCheck = 1310;
				LastUpgradeCheck = 1310;
				TargetAttributes = {
					182F7F3228A176C800E72E4D = {
						CreatedOnToolsVersion = 13.1;
					};
				};
			};
			buildConfigurationList = 182F7F2E28A176C700E72E4D /* Build configuration list for PBXProject "QRGen" */;
			compatibilityVersion = "Xcode 13.0";
			developmentRegion = en;
			hasScannedForEncodings = 0;
			knownRegions = (
				en,
				Base,
			);
			mainGroup = 182F7F2A28A176C700E72E4D;
			packageReferences = (
				182F7F4928A44C4000E72E4D /* XCRemoteSwiftPackageReference "swift-argument-parser" */,
				18B2CD6D28AF139D00F135AB /* XCRemoteSwiftPackageReference "QRCodeGenerator" */,
			);
			productRefGroup = 182F7F3428A176C800E72E4D /* Products */;
			projectDirPath = "";
			projectRoot = "";
			targets = (
				182F7F3228A176C800E72E4D /* QRGen */,
			);
		};
/* End PBXProject section */

/* Begin PBXSourcesBuildPhase section */
		182F7F2F28A176C800E72E4D /* Sources */ = {
			isa = PBXSourcesBuildPhase;
			buildActionMask = 2147483647;
			files = (
				185F9EAF28BBEC6200A90726 /* DecimalPoint.swift in Sources */,
				182F7F3728A176C800E72E4D /* main.swift in Sources */,
				182F7F6128AACC0500E72E4D /* CIQRCode.swift in Sources */,
				185F9EB528BBEFB300A90726 /* GridSVG.Element.swift in Sources */,
				185F9EB128BBED0000A90726 /* GridSVG.Curve.swift in Sources */,
				182F7F5828A9D67E00E72E4D /* IntRect.swift in Sources */,
				185F9EAD28BBEC3C00A90726 /* GridSVG.swift in Sources */,
				182F7F6B28AB24F800E72E4D /* BCCorrectionLevel.swift in Sources */,
				182F7F6328AACCC500E72E4D /* QRCodeProtocol.swift in Sources */,
				182F7F5628A9D64000E72E4D /* IntPoint.swift in Sources */,
				182F7F5A28A9D6E900E72E4D /* IntSize.swift in Sources */,
				185F9EB328BBEEE700A90726 /* GridSVG.Path.swift in Sources */,
				182F7F3E28A1770F00E72E4D /* CommandLineUtils.swift in Sources */,
				185F9EB928BBFD8300A90726 /* GridSVG.Directions.swift in Sources */,
				182F7F6528AAF5A100E72E4D /* CorrectionLevel.swift in Sources */,
				182F7F6728AAF70600E72E4D /* BCQRCode.swift in Sources */,
				182F7F5228A9A4F600E72E4D /* CIQRCodeGenerator.swift in Sources */,
				182F7F4D28A5531500E72E4D /* QRGen.swift in Sources */,
				182F7F5428A9A5D500E72E4D /* QRCodeGeneratorProtocol.swift in Sources */,
				182F7F6928AB1F1200E72E4D /* BCQRCodeGenerator.swift in Sources */,
			);
			runOnlyForDeploymentPostprocessing = 0;
		};
/* End PBXSourcesBuildPhase section */

/* Begin XCBuildConfiguration section */
		182F7F3828A176C800E72E4D /* Debug */ = {
			isa = XCBuildConfiguration;
			buildSettings = {
				ALWAYS_SEARCH_USER_PATHS = NO;
				CLANG_ANALYZER_NONNULL = YES;
				CLANG_ANALYZER_NUMBER_OBJECT_CONVERSION = YES_AGGRESSIVE;
				CLANG_CXX_LANGUAGE_STANDARD = "gnu++17";
				CLANG_CXX_LIBRARY = "libc++";
				CLANG_ENABLE_MODULES = YES;
				CLANG_ENABLE_OBJC_ARC = YES;
				CLANG_ENABLE_OBJC_WEAK = YES;
				CLANG_WARN_BLOCK_CAPTURE_AUTORELEASING = YES;
				CLANG_WARN_BOOL_CONVERSION = YES;
				CLANG_WARN_COMMA = YES;
				CLANG_WARN_CONSTANT_CONVERSION = YES;
				CLANG_WARN_DEPRECATED_OBJC_IMPLEMENTATIONS = YES;
				CLANG_WARN_DIRECT_OBJC_ISA_USAGE = YES_ERROR;
				CLANG_WARN_DOCUMENTATION_COMMENTS = YES;
				CLANG_WARN_EMPTY_BODY = YES;
				CLANG_WARN_ENUM_CONVERSION = YES;
				CLANG_WARN_INFINITE_RECURSION = YES;
				CLANG_WARN_INT_CONVERSION = YES;
				CLANG_WARN_NON_LITERAL_NULL_CONVERSION = YES;
				CLANG_WARN_OBJC_IMPLICIT_RETAIN_SELF = YES;
				CLANG_WARN_OBJC_LITERAL_CONVERSION = YES;
				CLANG_WARN_OBJC_ROOT_CLASS = YES_ERROR;
				CLANG_WARN_QUOTED_INCLUDE_IN_FRAMEWORK_HEADER = YES;
				CLANG_WARN_RANGE_LOOP_ANALYSIS = YES;
				CLANG_WARN_STRICT_PROTOTYPES = YES;
				CLANG_WARN_SUSPICIOUS_MOVE = YES;
				CLANG_WARN_UNGUARDED_AVAILABILITY = YES_AGGRESSIVE;
				CLANG_WARN_UNREACHABLE_CODE = YES;
				CLANG_WARN__DUPLICATE_METHOD_MATCH = YES;
				COPY_PHASE_STRIP = NO;
				DEBUG_INFORMATION_FORMAT = dwarf;
				ENABLE_STRICT_OBJC_MSGSEND = YES;
				ENABLE_TESTABILITY = YES;
				GCC_C_LANGUAGE_STANDARD = gnu11;
				GCC_DYNAMIC_NO_PIC = NO;
				GCC_NO_COMMON_BLOCKS = YES;
				GCC_OPTIMIZATION_LEVEL = 0;
				GCC_PREPROCESSOR_DEFINITIONS = (
					"DEBUG=1",
					"$(inherited)",
				);
				GCC_WARN_64_TO_32_BIT_CONVERSION = YES;
				GCC_WARN_ABOUT_RETURN_TYPE = YES_ERROR;
				GCC_WARN_UNDECLARED_SELECTOR = YES;
				GCC_WARN_UNINITIALIZED_AUTOS = YES_AGGRESSIVE;
				GCC_WARN_UNUSED_FUNCTION = YES;
				GCC_WARN_UNUSED_VARIABLE = YES;
				MACOSX_DEPLOYMENT_TARGET = 11.6;
				MTL_ENABLE_DEBUG_INFO = INCLUDE_SOURCE;
				MTL_FAST_MATH = YES;
				ONLY_ACTIVE_ARCH = YES;
				SDKROOT = macosx;
				SWIFT_ACTIVE_COMPILATION_CONDITIONS = DEBUG;
				SWIFT_OPTIMIZATION_LEVEL = "-Onone";
			};
			name = Debug;
		};
		182F7F3928A176C800E72E4D /* Release */ = {
			isa = XCBuildConfiguration;
			buildSettings = {
				ALWAYS_SEARCH_USER_PATHS = NO;
				CLANG_ANALYZER_NONNULL = YES;
				CLANG_ANALYZER_NUMBER_OBJECT_CONVERSION = YES_AGGRESSIVE;
				CLANG_CXX_LANGUAGE_STANDARD = "gnu++17";
				CLANG_CXX_LIBRARY = "libc++";
				CLANG_ENABLE_MODULES = YES;
				CLANG_ENABLE_OBJC_ARC = YES;
				CLANG_ENABLE_OBJC_WEAK = YES;
				CLANG_WARN_BLOCK_CAPTURE_AUTORELEASING = YES;
				CLANG_WARN_BOOL_CONVERSION = YES;
				CLANG_WARN_COMMA = YES;
				CLANG_WARN_CONSTANT_CONVERSION = YES;
				CLANG_WARN_DEPRECATED_OBJC_IMPLEMENTATIONS = YES;
				CLANG_WARN_DIRECT_OBJC_ISA_USAGE = YES_ERROR;
				CLANG_WARN_DOCUMENTATION_COMMENTS = YES;
				CLANG_WARN_EMPTY_BODY = YES;
				CLANG_WARN_ENUM_CONVERSION = YES;
				CLANG_WARN_INFINITE_RECURSION = YES;
				CLANG_WARN_INT_CONVERSION = YES;
				CLANG_WARN_NON_LITERAL_NULL_CONVERSION = YES;
				CLANG_WARN_OBJC_IMPLICIT_RETAIN_SELF = YES;
				CLANG_WARN_OBJC_LITERAL_CONVERSION = YES;
				CLANG_WARN_OBJC_ROOT_CLASS = YES_ERROR;
				CLANG_WARN_QUOTED_INCLUDE_IN_FRAMEWORK_HEADER = YES;
				CLANG_WARN_RANGE_LOOP_ANALYSIS = YES;
				CLANG_WARN_STRICT_PROTOTYPES = YES;
				CLANG_WARN_SUSPICIOUS_MOVE = YES;
				CLANG_WARN_UNGUARDED_AVAILABILITY = YES_AGGRESSIVE;
				CLANG_WARN_UNREACHABLE_CODE = YES;
				CLANG_WARN__DUPLICATE_METHOD_MATCH = YES;
				COPY_PHASE_STRIP = NO;
				DEBUG_INFORMATION_FORMAT = "dwarf-with-dsym";
				ENABLE_NS_ASSERTIONS = NO;
				ENABLE_STRICT_OBJC_MSGSEND = YES;
				GCC_C_LANGUAGE_STANDARD = gnu11;
				GCC_NO_COMMON_BLOCKS = YES;
				GCC_WARN_64_TO_32_BIT_CONVERSION = YES;
				GCC_WARN_ABOUT_RETURN_TYPE = YES_ERROR;
				GCC_WARN_UNDECLARED_SELECTOR = YES;
				GCC_WARN_UNINITIALIZED_AUTOS = YES_AGGRESSIVE;
				GCC_WARN_UNUSED_FUNCTION = YES;
				GCC_WARN_UNUSED_VARIABLE = YES;
				MACOSX_DEPLOYMENT_TARGET = 11.6;
				MTL_ENABLE_DEBUG_INFO = NO;
				MTL_FAST_MATH = YES;
				SDKROOT = macosx;
				SWIFT_COMPILATION_MODE = wholemodule;
				SWIFT_OPTIMIZATION_LEVEL = "-O";
			};
			name = Release;
		};
		182F7F3B28A176C800E72E4D /* Debug */ = {
			isa = XCBuildConfiguration;
			buildSettings = {
				CODE_SIGN_STYLE = Automatic;
				PRODUCT_NAME = "$(TARGET_NAME)";
				SWIFT_VERSION = 5.0;
			};
			name = Debug;
		};
		182F7F3C28A176C800E72E4D /* Release */ = {
			isa = XCBuildConfiguration;
			buildSettings = {
				CODE_SIGN_STYLE = Automatic;
				PRODUCT_NAME = "$(TARGET_NAME)";
				SWIFT_VERSION = 5.0;
			};
			name = Release;
		};
/* End XCBuildConfiguration section */

/* Begin XCConfigurationList section */
		182F7F2E28A176C700E72E4D /* Build configuration list for PBXProject "QRGen" */ = {
			isa = XCConfigurationList;
			buildConfigurations = (
				182F7F3828A176C800E72E4D /* Debug */,
				182F7F3928A176C800E72E4D /* Release */,
			);
			defaultConfigurationIsVisible = 0;
			defaultConfigurationName = Release;
		};
		182F7F3A28A176C800E72E4D /* Build configuration list for PBXNativeTarget "QRGen" */ = {
			isa = XCConfigurationList;
			buildConfigurations = (
				182F7F3B28A176C800E72E4D /* Debug */,
				182F7F3C28A176C800E72E4D /* Release */,
			);
			defaultConfigurationIsVisible = 0;
			defaultConfigurationName = Release;
		};
/* End XCConfigurationList section */

/* Begin XCRemoteSwiftPackageReference section */
		182F7F4928A44C4000E72E4D /* XCRemoteSwiftPackageReference "swift-argument-parser" */ = {
			isa = XCRemoteSwiftPackageReference;
			repositoryURL = "https://github.com/YourMJK/swift-argument-parser";
			requirement = {
				branch = main;
				kind = branch;
			};
		};
		18B2CD6D28AF139D00F135AB /* XCRemoteSwiftPackageReference "QRCodeGenerator" */ = {
			isa = XCRemoteSwiftPackageReference;
			repositoryURL = "https://github.com/YourMJK/QRCodeGenerator";
			requirement = {
				branch = master;
				kind = branch;
			};
		};
/* End XCRemoteSwiftPackageReference section */

/* Begin XCSwiftPackageProductDependency section */
		182F7F4A28A44C4000E72E4D /* ArgumentParser */ = {
			isa = XCSwiftPackageProductDependency;
			package = 182F7F4928A44C4000E72E4D /* XCRemoteSwiftPackageReference "swift-argument-parser" */;
			productName = ArgumentParser;
		};
		18B2CD6E28AF139D00F135AB /* QRCodeGenerator */ = {
			isa = XCSwiftPackageProductDependency;
			package = 18B2CD6D28AF139D00F135AB /* XCRemoteSwiftPackageReference "QRCodeGenerator" */;
			productName = QRCodeGenerator;
		};
/* End XCSwiftPackageProductDependency section */
	};
	rootObject = 182F7F2B28A176C700E72E4D /* Project object */;
}
